
Microsoft Visual Studio Solution File, Format Version 12.00
# Visual Studio Version 17
VisualStudioVersion = 17.4.33403.182
MinimumVisualStudioVersion = 10.0.40219.1
Project("{FAE04EC0-301F-11D3-BF4B-00C04F79EFBC}") = "Kamalova_LR1Cross", "Kamalova_LR1Cross.csproj", "{573384D0-A365-46C8-A74A-491904A58E22}"
EndProject
Global
	GlobalSection(SolutionConfigurationPlatforms) = preSolution
		Debug|Any CPU = Debug|Any CPU
		Release|Any CPU = Release|Any CPU
	EndGlobalSection
	GlobalSection(ProjectConfigurationPlatforms) = postSolution
		{573384D0-A365-46C8-A74A-491904A58E22}.Debug|Any CPU.ActiveCfg = Debug|Any CPU
		{573384D0-A365-46C8-A74A-491904A58E22}.Debug|Any CPU.Build.0 = Debug|Any CPU
		{573384D0-A365-46C8-A74A-491904A58E22}.Release|Any CPU.ActiveCfg = Release|Any CPU
		{573384D0-A365-46C8-A74A-491904A58E22}.Release|Any CPU.Build.0 = Release|Any CPU
	EndGlobalSection
	GlobalSection(SolutionProperties) = preSolution
		HideSolutionNode = FALSE
	EndGlobalSection
	GlobalSection(ExtensibilityGlobals) = postSolution
		SolutionGuid = {4838B717-AD12-4650-B7E2-8BCE7B16BD22}
	EndGlobalSection
EndGlobal
